
Microsoft Visual Studio Solution File, Format Version 12.00
# Visual Studio Version 17
VisualStudioVersion = 17.2.32519.379
MinimumVisualStudioVersion = 10.0.40219.1
Project("{FAE04EC0-301F-11D3-BF4B-00C04F79EFBC}") = "Vigenere Cipher", "Vigenere Cipher\Vigenere Cipher.csproj", "{E9BAADF3-80FD-4EA0-9869-4B58EBA1AD2A}"
EndProject
Global
	GlobalSection(SolutionConfigurationPlatforms) = preSolution
		Debug|Any CPU = Debug|Any CPU
		Release|Any CPU = Release|Any CPU
	EndGlobalSection
	GlobalSection(ProjectConfigurationPlatforms) = postSolution
		{E9BAADF3-80FD-4EA0-9869-4B58EBA1AD2A}.Debug|Any CPU.ActiveCfg = Debug|Any CPU
		{E9BAADF3-80FD-4EA0-9869-4B58EBA1AD2A}.Debug|Any CPU.Build.0 = Debug|Any CPU
		{E9BAADF3-80FD-4EA0-9869-4B58EBA1AD2A}.Release|Any CPU.ActiveCfg = Release|Any CPU
		{E9BAADF3-80FD-4EA0-9869-4B58EBA1AD2A}.Release|Any CPU.Build.0 = Release|Any CPU
	EndGlobalSection
	GlobalSection(SolutionProperties) = preSolution
		HideSolutionNode = FALSE
	EndGlobalSection
	GlobalSection(ExtensibilityGlobals) = postSolution
		SolutionGuid = {D93D21CE-7039-4F14-A047-6E2B20F87254}
	EndGlobalSection
EndGlobal
